
Microsoft Visual Studio Solution File, Format Version 12.00
# Visual Studio Version 17
VisualStudioVersion = 17.7.34024.191
MinimumVisualStudioVersion = 10.0.40219.1
Project("{FAE04EC0-301F-11D3-BF4B-00C04F79EFBC}") = "WargearGenerator", "WargearGenerator\WargearGenerator.csproj", "{EBAC6CC2-D516-4F7D-BF78-A603FE6061C6}"
EndProject
Global
	GlobalSection(SolutionConfigurationPlatforms) = preSolution
		Debug|Any CPU = Debug|Any CPU
		Release|Any CPU = Release|Any CPU
	EndGlobalSection
	GlobalSection(ProjectConfigurationPlatforms) = postSolution
		{EBAC6CC2-D516-4F7D-BF78-A603FE6061C6}.Debug|Any CPU.ActiveCfg = Debug|Any CPU
		{EBAC6CC2-D516-4F7D-BF78-A603FE6061C6}.Debug|Any CPU.Build.0 = Debug|Any CPU
		{EBAC6CC2-D516-4F7D-BF78-A603FE6061C6}.Release|Any CPU.ActiveCfg = Release|Any CPU
		{EBAC6CC2-D516-4F7D-BF78-A603FE6061C6}.Release|Any CPU.Build.0 = Release|Any CPU
	EndGlobalSection
	GlobalSection(SolutionProperties) = preSolution
		HideSolutionNode = FALSE
	EndGlobalSection
	GlobalSection(ExtensibilityGlobals) = postSolution
		SolutionGuid = {216DF515-895A-4DF1-A5D1-77DC326B4096}
	EndGlobalSection
EndGlobal
